
Microsoft Visual Studio Solution File, Format Version 12.00
# Visual Studio Version 16
VisualStudioVersion = 16.0.31205.134
MinimumVisualStudioVersion = 10.0.40219.1
Project("{FAE04EC0-301F-11D3-BF4B-00C04F79EFBC}") = "MladenPedercina", "MladenPedercina\MladenPedercina.csproj", "{4C092B68-759C-42FA-8F93-12F7A4B0E998}"
EndProject
Project("{FAE04EC0-301F-11D3-BF4B-00C04F79EFBC}") = "DataLayer", "DataLayer\DataLayer.csproj", "{052D2DAC-8C4B-4EA8-BDD0-A84FB995BB7C}"
EndProject
Project("{FAE04EC0-301F-11D3-BF4B-00C04F79EFBC}") = "BusinessLayer", "BusinessLayer\BusinessLayer.csproj", "{E1553BB5-74A3-43C6-9F60-46C17AA63498}"
EndProject
Global
	GlobalSection(SolutionConfigurationPlatforms) = preSolution
		Debug|Any CPU = Debug|Any CPU
		Release|Any CPU = Release|Any CPU
	EndGlobalSection
	GlobalSection(ProjectConfigurationPlatforms) = postSolution
		{4C092B68-759C-42FA-8F93-12F7A4B0E998}.Debug|Any CPU.ActiveCfg = Debug|Any CPU
		{4C092B68-759C-42FA-8F93-12F7A4B0E998}.Debug|Any CPU.Build.0 = Debug|Any CPU
		{4C092B68-759C-42FA-8F93-12F7A4B0E998}.Release|Any CPU.ActiveCfg = Release|Any CPU
		{4C092B68-759C-42FA-8F93-12F7A4B0E998}.Release|Any CPU.Build.0 = Release|Any CPU
		{052D2DAC-8C4B-4EA8-BDD0-A84FB995BB7C}.Debug|Any CPU.ActiveCfg = Debug|Any CPU
		{052D2DAC-8C4B-4EA8-BDD0-A84FB995BB7C}.Debug|Any CPU.Build.0 = Debug|Any CPU
		{052D2DAC-8C4B-4EA8-BDD0-A84FB995BB7C}.Release|Any CPU.ActiveCfg = Release|Any CPU
		{052D2DAC-8C4B-4EA8-BDD0-A84FB995BB7C}.Release|Any CPU.Build.0 = Release|Any CPU
		{E1553BB5-74A3-43C6-9F60-46C17AA63498}.Debug|Any CPU.ActiveCfg = Debug|Any CPU
		{E1553BB5-74A3-43C6-9F60-46C17AA63498}.Debug|Any CPU.Build.0 = Debug|Any CPU
		{E1553BB5-74A3-43C6-9F60-46C17AA63498}.Release|Any CPU.ActiveCfg = Release|Any CPU
		{E1553BB5-74A3-43C6-9F60-46C17AA63498}.Release|Any CPU.Build.0 = Release|Any CPU
	EndGlobalSection
	GlobalSection(SolutionProperties) = preSolution
		HideSolutionNode = FALSE
	EndGlobalSection
	GlobalSection(ExtensibilityGlobals) = postSolution
		SolutionGuid = {7A94C288-B8CF-4D86-8AC2-76CA059EA796}
	EndGlobalSection
EndGlobal
